{
    "_meta": {
        "hash": {
            "sha256": "6329df10b30630ef12173aa063bdfca58faf7cd3aac8e23a8ee5459d07325382"
        },
        "pipfile-spec": 6,
        "requires": {
            "python_version": "3.11"
        },
        "sources": [
            {
                "name": "pypi",
                "url": "https://pypi.org/simple",
                "verify_ssl": true
            }
        ]
    },
    "default": {
        "aiofiles": {
            "hashes": [
                "sha256:19297512c647d4b27a2cf7c34caa7e405c0d60b5560618a29a9fe027b18b0107",
                "sha256:84ec2218d8419404abcb9f0c02df3f34c6e0a68ed41072acfb1cef5cbc29051a"
            ],
            "index": "pypi",
            "version": "==23.2.1"
        }
    },
    "develop": {}
}
